Microsoft Visual Studio Solution File, Format Version 12.00
# Visual Studio Version 17
VisualStudioVersion = 17.5.2.0
MinimumVisualStudioVersion = 10.0.40219.1
Project("{FAE04EC0-301F-11D3-BF4B-00C04F79EFBC}") = "Exercise6", "Exercise6.csproj", "{DB61BB19-3DA5-30CA-7B17-50C6063ED159}"
EndProject
Global
	GlobalSection(SolutionConfigurationPlatforms) = preSolution
		Debug|Any CPU = Debug|Any CPU
		Release|Any CPU = Release|Any CPU
	EndGlobalSection
	GlobalSection(ProjectConfigurationPlatforms) = postSolution
		{DB61BB19-3DA5-30CA-7B17-50C6063ED159}.Debug|Any CPU.ActiveCfg = Debug|Any CPU
		{DB61BB19-3DA5-30CA-7B17-50C6063ED159}.Debug|Any CPU.Build.0 = Debug|Any CPU
		{DB61BB19-3DA5-30CA-7B17-50C6063ED159}.Release|Any CPU.ActiveCfg = Release|Any CPU
		{DB61BB19-3DA5-30CA-7B17-50C6063ED159}.Release|Any CPU.Build.0 = Release|Any CPU
	EndGlobalSection
	GlobalSection(SolutionProperties) = preSolution
		HideSolutionNode = FALSE
	EndGlobalSection
	GlobalSection(ExtensibilityGlobals) = postSolution
		SolutionGuid = {F08D2C13-1843-4A83-904F-E9F66CF117C3}
	EndGlobalSection
EndGlobal
