
Microsoft Visual Studio Solution File, Format Version 12.00
# Visual Studio Version 17
VisualStudioVersion = 17.5.2.0
MinimumVisualStudioVersion = 10.0.40219.1
Project("{FAE04EC0-301F-11D3-BF4B-00C04F79EFBC}") = "CryptographyLibrary", "CryptographyLibrary\CryptographyLibrary.csproj", "{3875BBAF-1F32-E240-4037-55C180C1D6EF}"
EndProject
Project("{FAE04EC0-301F-11D3-BF4B-00C04F79EFBC}") = "AppEncryption", "AppEncryption\AppEncryption.csproj", "{3D2A4431-A6FE-4998-A19D-F3CCEB859100}"
EndProject
Global
	GlobalSection(SolutionConfigurationPlatforms) = preSolution
		Debug|Any CPU = Debug|Any CPU
		Debug|x64 = Debug|x64
		Debug|x86 = Debug|x86
		Release|Any CPU = Release|Any CPU
		Release|x64 = Release|x64
		Release|x86 = Release|x86
	EndGlobalSection
	GlobalSection(ProjectConfigurationPlatforms) = postSolution
		{3875BBAF-1F32-E240-4037-55C180C1D6EF}.Debug|Any CPU.ActiveCfg = Debug|Any CPU
		{3875BBAF-1F32-E240-4037-55C180C1D6EF}.Debug|Any CPU.Build.0 = Debug|Any CPU
		{3875BBAF-1F32-E240-4037-55C180C1D6EF}.Debug|x64.ActiveCfg = Debug|Any CPU
		{3875BBAF-1F32-E240-4037-55C180C1D6EF}.Debug|x64.Build.0 = Debug|Any CPU
		{3875BBAF-1F32-E240-4037-55C180C1D6EF}.Debug|x86.ActiveCfg = Debug|Any CPU
		{3875BBAF-1F32-E240-4037-55C180C1D6EF}.Debug|x86.Build.0 = Debug|Any CPU
		{3875BBAF-1F32-E240-4037-55C180C1D6EF}.Release|Any CPU.ActiveCfg = Release|Any CPU
		{3875BBAF-1F32-E240-4037-55C180C1D6EF}.Release|Any CPU.Build.0 = Release|Any CPU
		{3875BBAF-1F32-E240-4037-55C180C1D6EF}.Release|x64.ActiveCfg = Release|Any CPU
		{3875BBAF-1F32-E240-4037-55C180C1D6EF}.Release|x64.Build.0 = Release|Any CPU
		{3875BBAF-1F32-E240-4037-55C180C1D6EF}.Release|x86.ActiveCfg = Release|Any CPU
		{3875BBAF-1F32-E240-4037-55C180C1D6EF}.Release|x86.Build.0 = Release|Any CPU
		{3D2A4431-A6FE-4998-A19D-F3CCEB859100}.Debug|Any CPU.ActiveCfg = Debug|Any CPU
		{3D2A4431-A6FE-4998-A19D-F3CCEB859100}.Debug|Any CPU.Build.0 = Debug|Any CPU
		{3D2A4431-A6FE-4998-A19D-F3CCEB859100}.Debug|x64.ActiveCfg = Debug|Any CPU
		{3D2A4431-A6FE-4998-A19D-F3CCEB859100}.Debug|x64.Build.0 = Debug|Any CPU
		{3D2A4431-A6FE-4998-A19D-F3CCEB859100}.Debug|x86.ActiveCfg = Debug|Any CPU
		{3D2A4431-A6FE-4998-A19D-F3CCEB859100}.Debug|x86.Build.0 = Debug|Any CPU
		{3D2A4431-A6FE-4998-A19D-F3CCEB859100}.Release|Any CPU.ActiveCfg = Release|Any CPU
		{3D2A4431-A6FE-4998-A19D-F3CCEB859100}.Release|Any CPU.Build.0 = Release|Any CPU
		{3D2A4431-A6FE-4998-A19D-F3CCEB859100}.Release|x64.ActiveCfg = Release|Any CPU
		{3D2A4431-A6FE-4998-A19D-F3CCEB859100}.Release|x64.Build.0 = Release|Any CPU
		{3D2A4431-A6FE-4998-A19D-F3CCEB859100}.Release|x86.ActiveCfg = Release|Any CPU
		{3D2A4431-A6FE-4998-A19D-F3CCEB859100}.Release|x86.Build.0 = Release|Any CPU
	EndGlobalSection
	GlobalSection(SolutionProperties) = preSolution
		HideSolutionNode = FALSE
	EndGlobalSection
	GlobalSection(ExtensibilityGlobals) = postSolution
		SolutionGuid = {CB61E9EF-BFFF-401E-B7E9-01EEB85492DB}
	EndGlobalSection
EndGlobal
